# THIS IS AN AUTOGENERATED FILE. DO NOT EDIT THIS FILE DIRECTLY.
# yarn lockfile v1


"@reduxjs/toolkit@^1.4.0":
  version "1.4.0"
  resolved "http://registry.npm.release.ctripcorp.com/@reduxjs/toolkit/download/@reduxjs/toolkit-1.4.0.tgz#ee2e2384cc3d1d76780d844b9c2da3580d32710d"
  integrity sha1-7i4jhMw9HXZ4DYRLnC2jWA0ycQ0=
  dependencies:
    immer "^7.0.3"
    redux "^4.0.0"
    redux-thunk "^2.3.0"
    reselect "^4.0.0"

"@types/accepts@*":
  version "1.3.5"
  resolved "https://registry.npm.taobao.org/@types/accepts/download/@types/accepts-1.3.5.tgz#c34bec115cfc746e04fe5a059df4ce7e7b391575"
  integrity sha1-w0vsEVz8dG4E/loFnfTOfns5FXU=
  dependencies:
    "@types/node" "*"

"@types/body-parser@*":
  version "1.19.0"
  resolved "https://registry.npm.taobao.org/@types/body-parser/download/@types/body-parser-1.19.0.tgz?cache=0&sync_timestamp=1596837811026&other_urls=https%3A%2F%2Fregistry.npm.taobao.org%2F%40types%2Fbody-parser%2Fdownload%2F%40types%2Fbody-parser-1.19.0.tgz#0685b3c47eb3006ffed117cdd55164b61f80538f"
  integrity sha1-BoWzxH6zAG/+0RfN1VFkth+AU48=
  dependencies:
    "@types/connect" "*"
    "@types/node" "*"

"@types/connect@*":
  version "3.4.33"
  resolved "https://registry.npm.taobao.org/@types/connect/download/@types/connect-3.4.33.tgz?cache=0&sync_timestamp=1596837850490&other_urls=https%3A%2F%2Fregistry.npm.taobao.org%2F%40types%2Fconnect%2Fdownload%2F%40types%2Fconnect-3.4.33.tgz#31610c901eca573b8713c3330abc6e6b9f588546"
  integrity sha1-MWEMkB7KVzuHE8MzCrxua59YhUY=
  dependencies:
    "@types/node" "*"

"@types/content-disposition@*":
  version "0.5.3"
  resolved "https://registry.npm.taobao.org/@types/content-disposition/download/@types/content-disposition-0.5.3.tgz#0aa116701955c2faa0717fc69cd1596095e49d96"
  integrity sha1-CqEWcBlVwvqgcX/GnNFZYJXknZY=

"@types/cookies@*":
  version "0.7.4"
  resolved "https://registry.npm.taobao.org/@types/cookies/download/@types/cookies-0.7.4.tgz?cache=0&sync_timestamp=1596837708840&other_urls=https%3A%2F%2Fregistry.npm.taobao.org%2F%40types%2Fcookies%2Fdownload%2F%40types%2Fcookies-0.7.4.tgz#26dedf791701abc0e36b5b79a5722f40e455f87b"
  integrity sha1-Jt7feRcBq8Dja1t5pXIvQORV+Hs=
  dependencies:
    "@types/connect" "*"
    "@types/express" "*"
    "@types/keygrip" "*"
    "@types/node" "*"

"@types/express-serve-static-core@*":
  version "4.17.12"
  resolved "https://registry.npm.taobao.org/@types/express-serve-static-core/download/@types/express-serve-static-core-4.17.12.tgz?cache=0&sync_timestamp=1598975463001&other_urls=https%3A%2F%2Fregistry.npm.taobao.org%2F%40types%2Fexpress-serve-static-core%2Fdownload%2F%40types%2Fexpress-serve-static-core-4.17.12.tgz#9a487da757425e4f267e7d1c5720226af7f89591"
  integrity sha1-mkh9p1dCXk8mfn0cVyAiavf4lZE=
  dependencies:
    "@types/node" "*"
    "@types/qs" "*"
    "@types/range-parser" "*"

"@types/express@*":
  version "4.17.8"
  resolved "https://registry.npm.taobao.org/@types/express/download/@types/express-4.17.8.tgz?cache=0&sync_timestamp=1598966419553&other_urls=https%3A%2F%2Fregistry.npm.taobao.org%2F%40types%2Fexpress%2Fdownload%2F%40types%2Fexpress-4.17.8.tgz#3df4293293317e61c60137d273a2e96cd8d5f27a"
  integrity sha1-PfQpMpMxfmHGATfSc6LpbNjV8no=
  dependencies:
    "@types/body-parser" "*"
    "@types/express-serve-static-core" "*"
    "@types/qs" "*"
    "@types/serve-static" "*"

"@types/http-assert@*":
  version "1.5.1"
  resolved "https://registry.npm.taobao.org/@types/http-assert/download/@types/http-assert-1.5.1.tgz#d775e93630c2469c2f980fc27e3143240335db3b"
  integrity sha1-13XpNjDCRpwvmA/CfjFDJAM12zs=

"@types/http-errors@*":
  version "1.8.0"
  resolved "https://registry.npm.taobao.org/@types/http-errors/download/@types/http-errors-1.8.0.tgz#682477dbbbd07cd032731cb3b0e7eaee3d026b69"
  integrity sha1-aCR327vQfNAycxyzsOfq7j0Ca2k=

"@types/keygrip@*":
  version "1.0.2"
  resolved "https://registry.npm.taobao.org/@types/keygrip/download/@types/keygrip-1.0.2.tgz?cache=0&sync_timestamp=1596839030404&other_urls=https%3A%2F%2Fregistry.npm.taobao.org%2F%40types%2Fkeygrip%2Fdownload%2F%40types%2Fkeygrip-1.0.2.tgz#513abfd256d7ad0bf1ee1873606317b33b1b2a72"
  integrity sha1-UTq/0lbXrQvx7hhzYGMXszsbKnI=

"@types/koa-compose@*":
  version "3.2.5"
  resolved "https://registry.npm.taobao.org/@types/koa-compose/download/@types/koa-compose-3.2.5.tgz#85eb2e80ac50be95f37ccf8c407c09bbe3468e9d"
  integrity sha1-hesugKxQvpXzfM+MQHwJu+NGjp0=
  dependencies:
    "@types/koa" "*"

"@types/koa@*", "@types/koa@^2.11.4":
  version "2.11.4"
  resolved "https://registry.npm.taobao.org/@types/koa/download/@types/koa-2.11.4.tgz#8af02a069a9f8e08fa47b8da28d982e652f69cfb"
  integrity sha1-ivAqBpqfjgj6R7jaKNmC5lL2nPs=
  dependencies:
    "@types/accepts" "*"
    "@types/content-disposition" "*"
    "@types/cookies" "*"
    "@types/http-assert" "*"
    "@types/http-errors" "*"
    "@types/keygrip" "*"
    "@types/koa-compose" "*"
    "@types/node" "*"

"@types/lodash@^4.14.161":
  version "4.14.161"
  resolved "http://registry.npm.release.ctripcorp.com/@types/lodash/download/@types/lodash-4.14.161.tgz#a21ca0777dabc6e4f44f3d07f37b765f54188b18"
  integrity sha1-ohygd32rxuT0Tz0H83t2X1QYixg=

"@types/mime@*":
  version "2.0.3"
  resolved "https://registry.npm.taobao.org/@types/mime/download/@types/mime-2.0.3.tgz?cache=0&sync_timestamp=1596840690654&other_urls=https%3A%2F%2Fregistry.npm.taobao.org%2F%40types%2Fmime%2Fdownload%2F%40types%2Fmime-2.0.3.tgz#c893b73721db73699943bfc3653b1deb7faa4a3a"
  integrity sha1-yJO3NyHbc2mZQ7/DZTsd63+qSjo=

"@types/node@*", "@types/node@^14.11.1":
  version "14.11.1"
  resolved "https://registry.npm.taobao.org/@types/node/download/@types/node-14.11.1.tgz?cache=0&sync_timestamp=1600365280673&other_urls=https%3A%2F%2Fregistry.npm.taobao.org%2F%40types%2Fnode%2Fdownload%2F%40types%2Fnode-14.11.1.tgz#56af902ad157e763f9ba63d671c39cda3193c835"
  integrity sha1-Vq+QKtFX52P5umPWccOc2jGTyDU=

"@types/prop-types@*":
  version "15.7.3"
  resolved "http://registry.npm.release.ctripcorp.com/@types/prop-types/download/@types/prop-types-15.7.3.tgz#2ab0d5da2e5815f94b0b9d4b95d1e5f243ab2ca7"
  integrity sha1-KrDV2i5YFflLC51LldHl8kOrLKc=

"@types/qs@*":
  version "6.9.5"
  resolved "https://registry.npm.taobao.org/@types/qs/download/@types/qs-6.9.5.tgz?cache=0&sync_timestamp=1600296350500&other_urls=https%3A%2F%2Fregistry.npm.taobao.org%2F%40types%2Fqs%2Fdownload%2F%40types%2Fqs-6.9.5.tgz#434711bdd49eb5ee69d90c1d67c354a9a8ecb18b"
  integrity sha1-Q0cRvdSete5p2QwdZ8NUqajssYs=

"@types/ramda@^0.27.17":
  version "0.27.17"
  resolved "http://registry.npm.release.ctripcorp.com/@types/ramda/download/@types/ramda-0.27.17.tgz#b4359d29614994dbb4c70e504b268bd9f0388bb0"
  integrity sha1-tDWdKWFJlNu0xw5QSyaL2fA4i7A=
  dependencies:
    ts-toolbelt "^6.3.3"

"@types/range-parser@*":
  version "1.2.3"
  resolved "https://registry.npm.taobao.org/@types/range-parser/download/@types/range-parser-1.2.3.tgz#7ee330ba7caafb98090bece86a5ee44115904c2c"
  integrity sha1-fuMwunyq+5gJC+zoal7kQRWQTCw=

"@types/react@^16.9.49":
  version "16.9.49"
  resolved "http://registry.npm.release.ctripcorp.com/@types/react/download/@types/react-16.9.49.tgz#09db021cf8089aba0cdb12a49f8021a69cce4872"
  integrity sha1-CdsCHPgImroM2xKkn4AhppzOSHI=
  dependencies:
    "@types/prop-types" "*"
    csstype "^3.0.2"

"@types/serve-static@*":
  version "1.13.5"
  resolved "https://registry.npm.taobao.org/@types/serve-static/download/@types/serve-static-1.13.5.tgz?cache=0&sync_timestamp=1596840491857&other_urls=https%3A%2F%2Fregistry.npm.taobao.org%2F%40types%2Fserve-static%2Fdownload%2F%40types%2Fserve-static-1.13.5.tgz#3d25d941a18415d3ab092def846e135a08bbcf53"
  integrity sha1-PSXZQaGEFdOrCS3vhG4TWgi7z1M=
  dependencies:
    "@types/express-serve-static-core" "*"
    "@types/mime" "*"

csstype@^3.0.2:
  version "3.0.3"
  resolved "http://registry.npm.release.ctripcorp.com/csstype/download/csstype-3.0.3.tgz#2b410bbeba38ba9633353aff34b05d9755d065f8"
  integrity sha1-K0ELvro4upYzNTr/NLBdl1XQZfg=

immer@^7.0.3:
  version "7.0.9"
  resolved "http://registry.npm.release.ctripcorp.com/immer/download/immer-7.0.9.tgz#28e7552c21d39dd76feccd2b800b7bc86ee4a62e"
  integrity sha1-KOdVLCHTnddv7M0rgAt7yG7kpi4=

"js-tokens@^3.0.0 || ^4.0.0":
  version "4.0.0"
  resolved "http://registry.npm.release.ctripcorp.com/js-tokens/download/js-tokens-4.0.0.tgz#19203fb59991df98e3a287050d4647cdeaf32499"
  integrity sha1-GSA/tZmR35jjoocFDUZHzerzJJk=

loose-envify@^1.4.0:
  version "1.4.0"
  resolved "http://registry.npm.release.ctripcorp.com/loose-envify/download/loose-envify-1.4.0.tgz#71ee51fa7be4caec1a63839f7e682d8132d30caf"
  integrity sha1-ce5R+nvkyuwaY4OffmgtgTLTDK8=
  dependencies:
    js-tokens "^3.0.0 || ^4.0.0"

redux-thunk@^2.3.0:
  version "2.3.0"
  resolved "http://registry.npm.release.ctripcorp.com/redux-thunk/download/redux-thunk-2.3.0.tgz#51c2c19a185ed5187aaa9a2d08b666d0d6467622"
  integrity sha1-UcLBmhhe1Rh6qpotCLZm0NZGdiI=

redux@^4.0.0, redux@^4.0.5:
  version "4.0.5"
  resolved "http://registry.npm.release.ctripcorp.com/redux/download/redux-4.0.5.tgz#4db5de5816e17891de8a80c424232d06f051d93f"
  integrity sha1-TbXeWBbheJHeioDEJCMtBvBR2T8=
  dependencies:
    loose-envify "^1.4.0"
    symbol-observable "^1.2.0"

reselect@^4.0.0:
  version "4.0.0"
  resolved "http://registry.npm.release.ctripcorp.com/reselect/download/reselect-4.0.0.tgz#f2529830e5d3d0e021408b246a206ef4ea4437f7"
  integrity sha1-8lKYMOXT0OAhQIskaiBu9OpEN/c=

symbol-observable@^1.2.0:
  version "1.2.0"
  resolved "http://registry.npm.release.ctripcorp.com/symbol-observable/download/symbol-observable-1.2.0.tgz#c22688aed4eab3cdc2dfeacbb561660560a00804"
  integrity sha1-wiaIrtTqs83C3+rLtWFmBWCgCAQ=

ts-toolbelt@^6.3.3:
  version "6.15.5"
  resolved "http://registry.npm.release.ctripcorp.com/ts-toolbelt/download/ts-toolbelt-6.15.5.tgz#cb3b43ed725cb63644782c64fbcad7d8f28c0a83"
  integrity sha1-yztD7XJctjZEeCxk+8rX2PKMCoM=

typescript@^4.1.0-beta:
  version "4.1.0-beta"
  resolved "https://registry.npm.taobao.org/typescript/download/typescript-4.1.0-beta.tgz?cache=0&sync_timestamp=1600457336450&other_urls=https%3A%2F%2Fregistry.npm.taobao.org%2Ftypescript%2Fdownload%2Ftypescript-4.1.0-beta.tgz#e4d054035d253b7a37bdc077dd71706508573e69"
  integrity sha1-5NBUA10lO3o3vcB33XFwZQhXPmk=
